lockfileVersion: '9.0'
settings:
  autoInstallPeers: true
  excludeLinksFromLockfile: false

importers:
  .:
    dependencies:
      next: {specifier: "15.5.3", version: "15.5.3" }
      react: {specifier: "19.1.0", version: "19.1.0" }
      react-dom: {specifier: "19.1.0", version: "19.1.0" }
      next-intl: {specifier: "4.3.9", version: "4.3.9" }
      clsx: {specifier: "2.1.1", version: "2.1.1" }
      zod: {specifier: "3.23.8", version: "3.23.8" }
      framer-motion: {specifier: "12.23.15", version: "12.23.15" }
      "@radix-ui/react-dialog": {specifier: "1.1.15", version: "1.1.15" }
      "@radix-ui/react-slot": {specifier: "1.2.3", version: "1.2.3" }
    devDependencies:
      typescript: {specifier: "5.9.3", version: "5.9.3" }
      eslint: {specifier: "9.11.0", version: "9.11.0" }
      "@typescript-eslint/parser": {specifier: "8.8.0", version: "8.8.0" }
      "@typescript-eslint/eslint-plugin": {specifier: "8.8.0", version: "8.8.0" }
      eslint-plugin-jsx-a11y: {specifier: "6.9.0", version: "6.9.0" }
      prettier: {specifier: "3.3.3", version: "3.3.3" }
      husky: {specifier: "9.1.7", version: "9.1.7" }
      lint-staged: {specifier: "15.2.8", version: "15.2.8" }
      "@commitlint/cli": {specifier: "19.5.0", version: "19.5.0" }
      "@commitlint/config-conventional": {specifier: "19.5.0", version: "19.5.0" }
      lockfile-lint: {specifier: "4.14.1", version: "4.14.1" }
      tailwindcss: {specifier: "3.4.17", version: "3.4.17" }
      "@tailwindcss/forms": {specifier: "0.5.10", version: "0.5.10" }
      "@tailwindcss/typography": {specifier: "0.5.16", version: "0.5.16" }
      postcss: {specifier: "8.4.41", version: "8.4.41" }
      autoprefixer: {specifier: "10.4.20", version: "10.4.20" }
      vitest: {specifier: "3.2.4", version: "3.2.4" }
      "@testing-library/react": {specifier: "16.3.0", version: "16.3.0" }
      "@testing-library/user-event": {specifier: "14.6.1", version: "14.6.1" }
      vitest-axe: {specifier: "0.1.0", version: "0.1.0" }
      axe-core: {specifier: "4.10.1", version: "4.10.1" }
      "@sentry/nextjs": {specifier: "10.12.0", version: "10.12.0" }
      "@types/node": {specifier: "22.7.5", version: "22.7.5" }
      "@vitejs/plugin-react": {specifier: "4.3.4", version: "4.3.4" }
      "@playwright/test": {specifier: "1.55.0", version: "1.55.0" }

packages: {}
